// !$*UTF8*$!
{
	archiveVersion = 1;
	classes = {
	};
	objectVersion = 77;
	objects = {

/* Begin PBXBuildFile section */
		CE18E1012E28987000E37D8F /* 977.SquaresOfASortedArray.swift in Sources */ = {isa = PBXBuildFile; fileRef = CE18E1002E28987000E37D8F /* 977.SquaresOfASortedArray.swift */; };
		070F16552E2CC63900073AAE /* 1346.CheckIfNAndItsDoubleExist.swift in Sources */ = {isa = PBXBuildFile; fileRef = 070F16542E2CC63900073AAE /* 1346.CheckIfNAndItsDoubleExist.swift */; };
		070F16572E2CDA2C00073AAE /* 941.ValidMountainArray.swift in Sources */ = {isa = PBXBuildFile; fileRef = 070F16562E2CDA2C00073AAE /* 941.ValidMountainArray.swift */; };
		0727A02A2E2C9308006EED44 /* 26.RemoveDuplicatesFromSortedArray.swift in Sources */ = {isa = PBXBuildFile; fileRef = 0727A0292E2C9308006EED44 /* 26.RemoveDuplicatesFromSortedArray.swift */; };
		0764303A2E2AA0CA0052BC46 /* 1089.DuplicateZeros.swift in Sources */ = {isa = PBXBuildFile; fileRef = 076430392E2AA0CA0052BC46 /* 1089.DuplicateZeros.swift */; };
		078CD0782E2BCDE60025F742 /* 88.MergeSortedArray.swift in Sources */ = {isa = PBXBuildFile; fileRef = 078CD0772E2BCDE60025F742 /* 88.MergeSortedArray.swift */; };
		078CD07A2E2BE9E20025F742 /* 27.RemoveElement.swift in Sources */ = {isa = PBXBuildFile; fileRef = 078CD0792E2BE9E20025F742 /* 27.RemoveElement.swift */; };
		CEA7FD1D2E275ADE00DC58F1 /* 485.MaxConsecutiveOnes.swift in Sources */ = {isa = PBXBuildFile; fileRef = CEA7FD1C2E275ADE00DC58F1 /* 485.MaxConsecutiveOnes.swift */; };
		CEA7FD2E2E27944900DC58F1 /* Template.swift in Sources */ = {isa = PBXBuildFile; fileRef = CEA7FD2C2E27944900DC58F1 /* Template.swift */; };
		CEB606322E287C5300817BD8 /* 1295.FindNumbersWithEvenNumberOfDigits.swift in Sources */ = {isa = PBXBuildFile; fileRef = CEB606312E287C5300817BD8 /* 1295.FindNumbersWithEvenNumberOfDigits.swift */; };
/* End PBXBuildFile section */

/* Begin PBXFileReference section */
		CE18E1002E28987000E37D8F /* 977.SquaresOfASortedArray.swift */ = {isa = PBXFileReference; lastKnownFileType = sourcecode.swift; path = 977.SquaresOfASortedArray.swift; sourceTree = "<group>"; };
		070F16542E2CC63900073AAE /* 1346.CheckIfNAndItsDoubleExist.swift */ = {isa = PBXFileReference; lastKnownFileType = sourcecode.swift; path = 1346.CheckIfNAndItsDoubleExist.swift; sourceTree = "<group>"; };
		070F16562E2CDA2C00073AAE /* 941.ValidMountainArray.swift */ = {isa = PBXFileReference; lastKnownFileType = sourcecode.swift; path = 941.ValidMountainArray.swift; sourceTree = "<group>"; };
		0727A0292E2C9308006EED44 /* 26.RemoveDuplicatesFromSortedArray.swift */ = {isa = PBXFileReference; lastKnownFileType = sourcecode.swift; path = 26.RemoveDuplicatesFromSortedArray.swift; sourceTree = "<group>"; };
		076430392E2AA0CA0052BC46 /* 1089.DuplicateZeros.swift */ = {isa = PBXFileReference; lastKnownFileType = sourcecode.swift; path = 1089.DuplicateZeros.swift; sourceTree = "<group>"; };
		078CD0772E2BCDE60025F742 /* 88.MergeSortedArray.swift */ = {isa = PBXFileReference; lastKnownFileType = sourcecode.swift; path = 88.MergeSortedArray.swift; sourceTree = "<group>"; };
		078CD0792E2BE9E20025F742 /* 27.RemoveElement.swift */ = {isa = PBXFileReference; lastKnownFileType = sourcecode.swift; path = 27.RemoveElement.swift; sourceTree = "<group>"; };
		CEA7FD112E275A7000DC58F1 /* LeetcodeWithSwift.xctest */ = {isa = PBXFileReference; explicitFileType = wrapper.cfbundle; includeInIndex = 0; path = LeetcodeWithSwift.xctest; sourceTree = BUILT_PRODUCTS_DIR; };
		CEA7FD1C2E275ADE00DC58F1 /* 485.MaxConsecutiveOnes.swift */ = {isa = PBXFileReference; lastKnownFileType = sourcecode.swift; path = 485.MaxConsecutiveOnes.swift; sourceTree = "<group>"; };
		CEA7FD2C2E27944900DC58F1 /* Template.swift */ = {isa = PBXFileReference; lastKnownFileType = sourcecode.swift; path = Template.swift; sourceTree = "<group>"; };
		CEB606312E287C5300817BD8 /* 1295.FindNumbersWithEvenNumberOfDigits.swift */ = {isa = PBXFileReference; lastKnownFileType = sourcecode.swift; path = 1295.FindNumbersWithEvenNumberOfDigits.swift; sourceTree = "<group>"; };
/* End PBXFileReference section */

/* Begin PBXFrameworksBuildPhase section */
		CEA7FD0E2E275A7000DC58F1 /* Frameworks */ = {
			isa = PBXFrameworksBuildPhase;
			buildActionMask = 2147483647;
			files = (
			);
			runOnlyForDeploymentPostprocessing = 0;
		};
/* End PBXFrameworksBuildPhase section */

/* Begin PBXGroup section */
		CEA7FCF02E27540200DC58F1 = {
			isa = PBXGroup;
			children = (
				CEA7FD1A2E275ABA00DC58F1 /* Card */,
				CEA7FD2D2E27944900DC58F1 /* Template */,
				CEA7FD122E275A7000DC58F1 /* Products */,
			);
			sourceTree = "<group>";
		};
		CEA7FD122E275A7000DC58F1 /* Products */ = {
			isa = PBXGroup;
			children = (
				CEA7FD112E275A7000DC58F1 /* LeetcodeWithSwift.xctest */,
			);
			name = Products;
			sourceTree = "<group>";
		};
		CEA7FD1A2E275ABA00DC58F1 /* Card */ = {
			isa = PBXGroup;
			children = (
				CEA7FD1B2E275AC000DC58F1 /* Arrays 101 */,
			);
			path = Card;
			sourceTree = "<group>";
		};
		CEA7FD1B2E275AC000DC58F1 /* Arrays 101 */ = {
			isa = PBXGroup;
			children = (
				0727A0292E2C9308006EED44 /* 26.RemoveDuplicatesFromSortedArray.swift */,
				078CD0792E2BE9E20025F742 /* 27.RemoveElement.swift */,
				078CD0772E2BCDE60025F742 /* 88.MergeSortedArray.swift */,
				CEA7FD1C2E275ADE00DC58F1 /* 485.MaxConsecutiveOnes.swift */,
				CE18E1002E28987000E37D8F /* 977.SquaresOfASortedArray.swift */,
				070F16562E2CDA2C00073AAE /* 941.ValidMountainArray.swift */,
				076430392E2AA0CA0052BC46 /* 1089.DuplicateZeros.swift */,
				CEB606312E287C5300817BD8 /* 1295.FindNumbersWithEvenNumberOfDigits.swift */,
				070F16542E2CC63900073AAE /* 1346.CheckIfNAndItsDoubleExist.swift */,
			);
			path = "Arrays 101";
			sourceTree = "<group>";
		};
		CEA7FD2D2E27944900DC58F1 /* Template */ = {
			isa = PBXGroup;
			children = (
				CEA7FD2C2E27944900DC58F1 /* Template.swift */,
			);
			path = Template;
			sourceTree = "<group>";
		};
/* End PBXGroup section */

/* Begin PBXNativeTarget section */
		CEA7FD102E275A7000DC58F1 /* LeetcodeWithSwift */ = {
			isa = PBXNativeTarget;
			buildConfigurationList = CEA7FD182E275A7000DC58F1 /* Build configuration list for PBXNativeTarget "LeetcodeWithSwift" */;
			buildPhases = (
				CEA7FD0D2E275A7000DC58F1 /* Sources */,
				CEA7FD0E2E275A7000DC58F1 /* Frameworks */,
				CEA7FD0F2E275A7000DC58F1 /* Resources */,
			);
			buildRules = (
			);
			dependencies = (
			);
			name = LeetcodeWithSwift;
			packageProductDependencies = (
			);
			productName = LeetcodeWithSwift;
			productReference = CEA7FD112E275A7000DC58F1 /* LeetcodeWithSwift.xctest */;
			productType = "com.apple.product-type.bundle.unit-test";
		};
/* End PBXNativeTarget section */

/* Begin PBXProject section */
		CEA7FCF12E27540200DC58F1 /* Project object */ = {
			isa = PBXProject;
			attributes = {
				BuildIndependentTargetsInParallel = 1;
				LastSwiftUpdateCheck = 1620;
				LastUpgradeCheck = 1620;
				TargetAttributes = {
					CEA7FD102E275A7000DC58F1 = {
						CreatedOnToolsVersion = 16.2;
					};
				};
			};
			buildConfigurationList = CEA7FCF42E27540200DC58F1 /* Build configuration list for PBXProject "LeetcodeWithSwift" */;
			developmentRegion = en;
			hasScannedForEncodings = 0;
			knownRegions = (
				en,
				Base,
			);
			mainGroup = CEA7FCF02E27540200DC58F1;
			minimizedProjectReferenceProxies = 1;
			preferredProjectObjectVersion = 77;
			productRefGroup = CEA7FD122E275A7000DC58F1 /* Products */;
			projectDirPath = "";
			projectRoot = "";
			targets = (
				CEA7FD102E275A7000DC58F1 /* LeetcodeWithSwift */,
			);
		};
/* End PBXProject section */

/* Begin PBXResourcesBuildPhase section */
		CEA7FD0F2E275A7000DC58F1 /* Resources */ = {
			isa = PBXResourcesBuildPhase;
			buildActionMask = 2147483647;
			files = (
			);
			runOnlyForDeploymentPostprocessing = 0;
		};
/* End PBXResourcesBuildPhase section */

/* Begin PBXSourcesBuildPhase section */
		CEA7FD0D2E275A7000DC58F1 /* Sources */ = {
			isa = PBXSourcesBuildPhase;
			buildActionMask = 2147483647;
			files = (
				CE18E1012E28987000E37D8F /* 977.SquaresOfASortedArray.swift in Sources */,
				CEA7FD2E2E27944900DC58F1 /* Template.swift in Sources */,
				070F16552E2CC63900073AAE /* 1346.CheckIfNAndItsDoubleExist.swift in Sources */,
				078CD0782E2BCDE60025F742 /* 88.MergeSortedArray.swift in Sources */,
				078CD07A2E2BE9E20025F742 /* 27.RemoveElement.swift in Sources */,
				070F16572E2CDA2C00073AAE /* 941.ValidMountainArray.swift in Sources */,
				0727A02A2E2C9308006EED44 /* 26.RemoveDuplicatesFromSortedArray.swift in Sources */,
				CEA7FD1D2E275ADE00DC58F1 /* 485.MaxConsecutiveOnes.swift in Sources */,
				0764303A2E2AA0CA0052BC46 /* 1089.DuplicateZeros.swift in Sources */,
				CEB606322E287C5300817BD8 /* 1295.FindNumbersWithEvenNumberOfDigits.swift in Sources */,
			);
			runOnlyForDeploymentPostprocessing = 0;
		};
/* End PBXSourcesBuildPhase section */

/* Begin XCBuildConfiguration section */
		CEA7FCF52E27540200DC58F1 /* Debug */ = {
			isa = XCBuildConfiguration;
			buildSettings = {
			};
			name = Debug;
		};
		CEA7FCF62E27540200DC58F1 /* Release */ = {
			isa = XCBuildConfiguration;
			buildSettings = {
			};
			name = Release;
		};
		CEA7FD162E275A7000DC58F1 /* Debug */ = {
			isa = XCBuildConfiguration;
			buildSettings = {
				ALWAYS_SEARCH_USER_PATHS = NO;
				ASSETCATALOG_COMPILER_GENERATE_SWIFT_ASSET_SYMBOL_EXTENSIONS = YES;
				CLANG_ANALYZER_NONNULL = YES;
				CLANG_ANALYZER_NUMBER_OBJECT_CONVERSION = YES_AGGRESSIVE;
				CLANG_CXX_LANGUAGE_STANDARD = "gnu++20";
				CLANG_ENABLE_MODULES = YES;
				CLANG_ENABLE_OBJC_ARC = YES;
				CLANG_ENABLE_OBJC_WEAK = YES;
				CLANG_WARN_BLOCK_CAPTURE_AUTORELEASING = YES;
				CLANG_WARN_BOOL_CONVERSION = YES;
				CLANG_WARN_COMMA = YES;
				CLANG_WARN_CONSTANT_CONVERSION = YES;
				CLANG_WARN_DEPRECATED_OBJC_IMPLEMENTATIONS = YES;
				CLANG_WARN_DIRECT_OBJC_ISA_USAGE = YES_ERROR;
				CLANG_WARN_DOCUMENTATION_COMMENTS = YES;
				CLANG_WARN_EMPTY_BODY = YES;
				CLANG_WARN_ENUM_CONVERSION = YES;
				CLANG_WARN_INFINITE_RECURSION = YES;
				CLANG_WARN_INT_CONVERSION = YES;
				CLANG_WARN_NON_LITERAL_NULL_CONVERSION = YES;
				CLANG_WARN_OBJC_IMPLICIT_RETAIN_SELF = YES;
				CLANG_WARN_OBJC_LITERAL_CONVERSION = YES;
				CLANG_WARN_OBJC_ROOT_CLASS = YES_ERROR;
				CLANG_WARN_QUOTED_INCLUDE_IN_FRAMEWORK_HEADER = YES;
				CLANG_WARN_RANGE_LOOP_ANALYSIS = YES;
				CLANG_WARN_STRICT_PROTOTYPES = YES;
				CLANG_WARN_SUSPICIOUS_MOVE = YES;
				CLANG_WARN_UNGUARDED_AVAILABILITY = YES_AGGRESSIVE;
				CLANG_WARN_UNREACHABLE_CODE = YES;
				CLANG_WARN__DUPLICATE_METHOD_MATCH = YES;
				CODE_SIGN_STYLE = Automatic;
				COPY_PHASE_STRIP = NO;
				CURRENT_PROJECT_VERSION = 1;
				DEBUG_INFORMATION_FORMAT = dwarf;
				ENABLE_STRICT_OBJC_MSGSEND = YES;
				ENABLE_TESTABILITY = YES;
				ENABLE_USER_SCRIPT_SANDBOXING = YES;
				GCC_C_LANGUAGE_STANDARD = gnu17;
				GCC_DYNAMIC_NO_PIC = NO;
				GCC_NO_COMMON_BLOCKS = YES;
				GCC_OPTIMIZATION_LEVEL = 0;
				GCC_PREPROCESSOR_DEFINITIONS = (
					"DEBUG=1",
					"$(inherited)",
				);
				GCC_WARN_64_TO_32_BIT_CONVERSION = YES;
				GCC_WARN_ABOUT_RETURN_TYPE = YES_ERROR;
				GCC_WARN_UNDECLARED_SELECTOR = YES;
				GCC_WARN_UNINITIALIZED_AUTOS = YES_AGGRESSIVE;
				GCC_WARN_UNUSED_FUNCTION = YES;
				GCC_WARN_UNUSED_VARIABLE = YES;
				GENERATE_INFOPLIST_FILE = YES;
				LOCALIZATION_PREFERS_STRING_CATALOGS = YES;
				MACOSX_DEPLOYMENT_TARGET = 15.2;
				MARKETING_VERSION = 1.0;
				MTL_ENABLE_DEBUG_INFO = INCLUDE_SOURCE;
				MTL_FAST_MATH = YES;
				ONLY_ACTIVE_ARCH = YES;
				PRODUCT_BUNDLE_IDENTIFIER = hbjung.LeetcodeWithSwift;
				PRODUCT_NAME = "$(TARGET_NAME)";
				SDKROOT = macosx;
				SWIFT_ACTIVE_COMPILATION_CONDITIONS = "DEBUG $(inherited)";
				SWIFT_EMIT_LOC_STRINGS = NO;
				SWIFT_OPTIMIZATION_LEVEL = "-Onone";
				SWIFT_VERSION = 5.0;
			};
			name = Debug;
		};
		CEA7FD172E275A7000DC58F1 /* Release */ = {
			isa = XCBuildConfiguration;
			buildSettings = {
				ALWAYS_SEARCH_USER_PATHS = NO;
				ASSETCATALOG_COMPILER_GENERATE_SWIFT_ASSET_SYMBOL_EXTENSIONS = YES;
				CLANG_ANALYZER_NONNULL = YES;
				CLANG_ANALYZER_NUMBER_OBJECT_CONVERSION = YES_AGGRESSIVE;
				CLANG_CXX_LANGUAGE_STANDARD = "gnu++20";
				CLANG_ENABLE_MODULES = YES;
				CLANG_ENABLE_OBJC_ARC = YES;
				CLANG_ENABLE_OBJC_WEAK = YES;
				CLANG_WARN_BLOCK_CAPTURE_AUTORELEASING = YES;
				CLANG_WARN_BOOL_CONVERSION = YES;
				CLANG_WARN_COMMA = YES;
				CLANG_WARN_CONSTANT_CONVERSION = YES;
				CLANG_WARN_DEPRECATED_OBJC_IMPLEMENTATIONS = YES;
				CLANG_WARN_DIRECT_OBJC_ISA_USAGE = YES_ERROR;
				CLANG_WARN_DOCUMENTATION_COMMENTS = YES;
				CLANG_WARN_EMPTY_BODY = YES;
				CLANG_WARN_ENUM_CONVERSION = YES;
				CLANG_WARN_INFINITE_RECURSION = YES;
				CLANG_WARN_INT_CONVERSION = YES;
				CLANG_WARN_NON_LITERAL_NULL_CONVERSION = YES;
				CLANG_WARN_OBJC_IMPLICIT_RETAIN_SELF = YES;
				CLANG_WARN_OBJC_LITERAL_CONVERSION = YES;
				CLANG_WARN_OBJC_ROOT_CLASS = YES_ERROR;
				CLANG_WARN_QUOTED_INCLUDE_IN_FRAMEWORK_HEADER = YES;
				CLANG_WARN_RANGE_LOOP_ANALYSIS = YES;
				CLANG_WARN_STRICT_PROTOTYPES = YES;
				CLANG_WARN_SUSPICIOUS_MOVE = YES;
				CLANG_WARN_UNGUARDED_AVAILABILITY = YES_AGGRESSIVE;
				CLANG_WARN_UNREACHABLE_CODE = YES;
				CLANG_WARN__DUPLICATE_METHOD_MATCH = YES;
				CODE_SIGN_STYLE = Automatic;
				COPY_PHASE_STRIP = NO;
				CURRENT_PROJECT_VERSION = 1;
				DEBUG_INFORMATION_FORMAT = "dwarf-with-dsym";
				ENABLE_NS_ASSERTIONS = NO;
				ENABLE_STRICT_OBJC_MSGSEND = YES;
				ENABLE_USER_SCRIPT_SANDBOXING = YES;
				GCC_C_LANGUAGE_STANDARD = gnu17;
				GCC_NO_COMMON_BLOCKS = YES;
				GCC_WARN_64_TO_32_BIT_CONVERSION = YES;
				GCC_WARN_ABOUT_RETURN_TYPE = YES_ERROR;
				GCC_WARN_UNDECLARED_SELECTOR = YES;
				GCC_WARN_UNINITIALIZED_AUTOS = YES_AGGRESSIVE;
				GCC_WARN_UNUSED_FUNCTION = YES;
				GCC_WARN_UNUSED_VARIABLE = YES;
				GENERATE_INFOPLIST_FILE = YES;
				LOCALIZATION_PREFERS_STRING_CATALOGS = YES;
				MACOSX_DEPLOYMENT_TARGET = 15.2;
				MARKETING_VERSION = 1.0;
				MTL_ENABLE_DEBUG_INFO = NO;
				MTL_FAST_MATH = YES;
				PRODUCT_BUNDLE_IDENTIFIER = hbjung.LeetcodeWithSwift;
				PRODUCT_NAME = "$(TARGET_NAME)";
				SDKROOT = macosx;
				SWIFT_COMPILATION_MODE = wholemodule;
				SWIFT_EMIT_LOC_STRINGS = NO;
				SWIFT_VERSION = 5.0;
			};
			name = Release;
		};
/* End XCBuildConfiguration section */

/* Begin XCConfigurationList section */
		CEA7FCF42E27540200DC58F1 /* Build configuration list for PBXProject "LeetcodeWithSwift" */ = {
			isa = XCConfigurationList;
			buildConfigurations = (
				CEA7FCF52E27540200DC58F1 /* Debug */,
				CEA7FCF62E27540200DC58F1 /* Release */,
			);
			defaultConfigurationIsVisible = 0;
			defaultConfigurationName = Release;
		};
		CEA7FD182E275A7000DC58F1 /* Build configuration list for PBXNativeTarget "LeetcodeWithSwift" */ = {
			isa = XCConfigurationList;
			buildConfigurations = (
				CEA7FD162E275A7000DC58F1 /* Debug */,
				CEA7FD172E275A7000DC58F1 /* Release */,
			);
			defaultConfigurationIsVisible = 0;
			defaultConfigurationName = Release;
		};
/* End XCConfigurationList section */
	};
	rootObject = CEA7FCF12E27540200DC58F1 /* Project object */;
}
